{
    "name": "trueskill",
    "version": "0.0.2",
    "lockfileVersion": 2,
    "requires": true,
    "packages": {
        "": {
            "name": "trueskill",
            "version": "0.0.2",
            "dependencies": {
                "free-gaussian": "^0.1.0"
            },
            "devDependencies": {
                "coffee-script": "= 1.3.3"
            },
            "engines": {
                "node": ">= 0.4.0"
            }
        },
        "node_modules/coffee-script": {
            "version": "1.3.3",
            "resolved": "https://registry.npmjs.org/coffee-script/-/coffee-script-1.3.3.tgz",
            "integrity": "sha512-QjQ1T4BqyHv19k6XSfdhy/QLlIOhywz0ekBUCa9h71zYMJlfDTGan/Z1JXzYkZ6v8R+GhvL/p4FZPbPW8WNXlg==",
            "deprecated": "CoffeeScript on NPM has moved to \"coffeescript\" (no hyphen)",
            "dev": true,
            "bin": {
                "cake": "bin/cake",
                "coffee": "bin/coffee"
            },
            "engines": {
                "node": ">=0.4.0"
            }
        },
        "node_modules/free-gaussian": {
            "version": "0.1.0",
            "resolved": "https://registry.npmjs.org/free-gaussian/-/free-gaussian-0.1.0.tgz",
            "integrity": "sha512-46xNORW7aWkvIyvqFkRDOxKUAUpWl09zNdCq0fuyw9YchQjZrnXa9HGSDcaxbcvh6nNUjCntC4pBtYyLNiAgmw==",
            "engines": {
                "node": ">= 0.6.0"
            }
        }
    },
    "dependencies": {
        "coffee-script": {
            "version": "1.3.3",
            "resolved": "https://registry.npmjs.org/coffee-script/-/coffee-script-1.3.3.tgz",
            "integrity": "sha512-QjQ1T4BqyHv19k6XSfdhy/QLlIOhywz0ekBUCa9h71zYMJlfDTGan/Z1JXzYkZ6v8R+GhvL/p4FZPbPW8WNXlg==",
            "dev": true
        },
        "free-gaussian": {
            "version": "0.1.0",
            "resolved": "https://registry.npmjs.org/free-gaussian/-/free-gaussian-0.1.0.tgz",
            "integrity": "sha512-46xNORW7aWkvIyvqFkRDOxKUAUpWl09zNdCq0fuyw9YchQjZrnXa9HGSDcaxbcvh6nNUjCntC4pBtYyLNiAgmw=="
        }
    }
}
